// !$*UTF8*$!
{
	archiveVersion = 1;
	classes = {
	};
	objectVersion = 56;
	objects = {

/* Begin PBXBuildFile section */
		7A232B20295F248F00C8CA92 /* SwiftUIQuery in Frameworks */ = {isa = PBXBuildFile; productRef = 7A232B1F295F248F00C8CA92 /* SwiftUIQuery */; };
		7A232B22295F24BF00C8CA92 /* ThrowingPreviewQueryClient.swift in Sources */ = {isa = PBXBuildFile; fileRef = 7A232B21295F24BF00C8CA92 /* ThrowingPreviewQueryClient.swift */; };
		7A5ED8EB29604E18006AA8E9 /* TodoView.swift in Sources */ = {isa = PBXBuildFile; fileRef = 7A5ED8EA29604E18006AA8E9 /* TodoView.swift */; };
		7A5ED8EF2961B40F006AA8E9 /* TodoPreviewQueryClient.swift in Sources */ = {isa = PBXBuildFile; fileRef = 7A5ED8EE2961B40F006AA8E9 /* TodoPreviewQueryClient.swift */; };
		7A809439295F220D00F28CA1 /* SwiftUIQueryExampleApp.swift in Sources */ = {isa = PBXBuildFile; fileRef = 7A809438295F220D00F28CA1 /* SwiftUIQueryExampleApp.swift */; };
		7A80943B295F220D00F28CA1 /* ContentView.swift in Sources */ = {isa = PBXBuildFile; fileRef = 7A80943A295F220D00F28CA1 /* ContentView.swift */; };
		7A80943D295F220D00F28CA1 /* Assets.xcassets in Resources */ = {isa = PBXBuildFile; fileRef = 7A80943C295F220D00F28CA1 /* Assets.xcassets */; };
		7A809441295F220D00F28CA1 /* Preview Assets.xcassets in Resources */ = {isa = PBXBuildFile; fileRef = 7A809440295F220D00F28CA1 /* Preview Assets.xcassets */; };
		7A9F2373295F236D00E31F3F /* Todo.swift in Sources */ = {isa = PBXBuildFile; fileRef = 7A9F2372295F236D00E31F3F /* Todo.swift */; };
/* End PBXBuildFile section */

/* Begin PBXFileReference section */
		7A232B21295F24BF00C8CA92 /* ThrowingPreviewQueryClient.swift */ = {isa = PBXFileReference; lastKnownFileType = sourcecode.swift; path = ThrowingPreviewQueryClient.swift; sourceTree = "<group>"; };
		7A5ED8EA29604E18006AA8E9 /* TodoView.swift */ = {isa = PBXFileReference; lastKnownFileType = sourcecode.swift; path = TodoView.swift; sourceTree = "<group>"; };
		7A5ED8EE2961B40F006AA8E9 /* TodoPreviewQueryClient.swift */ = {isa = PBXFileReference; lastKnownFileType = sourcecode.swift; path = TodoPreviewQueryClient.swift; sourceTree = "<group>"; };
		7A809435295F220D00F28CA1 /* SwiftUIQueryExample.app */ = {isa = PBXFileReference; explicitFileType = wrapper.application; includeInIndex = 0; path = SwiftUIQueryExample.app; sourceTree = BUILT_PRODUCTS_DIR; };
		7A809438295F220D00F28CA1 /* SwiftUIQueryExampleApp.swift */ = {isa = PBXFileReference; lastKnownFileType = sourcecode.swift; path = SwiftUIQueryExampleApp.swift; sourceTree = "<group>"; };
		7A80943A295F220D00F28CA1 /* ContentView.swift */ = {isa = PBXFileReference; lastKnownFileType = sourcecode.swift; path = ContentView.swift; sourceTree = "<group>"; };
		7A80943C295F220D00F28CA1 /* Assets.xcassets */ = {isa = PBXFileReference; lastKnownFileType = folder.assetcatalog; path = Assets.xcassets; sourceTree = "<group>"; };
		7A80943E295F220D00F28CA1 /* SwiftUIQueryExample.entitlements */ = {isa = PBXFileReference; lastKnownFileType = text.plist.entitlements; path = SwiftUIQueryExample.entitlements; sourceTree = "<group>"; };
		7A809440295F220D00F28CA1 /* Preview Assets.xcassets */ = {isa = PBXFileReference; lastKnownFileType = folder.assetcatalog; path = "Preview Assets.xcassets"; sourceTree = "<group>"; };
		7A9F2372295F236D00E31F3F /* Todo.swift */ = {isa = PBXFileReference; lastKnownFileType = sourcecode.swift; path = Todo.swift; sourceTree = "<group>"; };
		7A9F2375295F23CC00E31F3F /* SwiftUIQuery */ = {isa = PBXFileReference; lastKnownFileType = wrapper; name = SwiftUIQuery; path = ..; sourceTree = "<group>"; };
/* End PBXFileReference section */

/* Begin PBXFrameworksBuildPhase section */
		7A809432295F220D00F28CA1 /* Frameworks */ = {
			isa = PBXFrameworksBuildPhase;
			buildActionMask = 2147483647;
			files = (
				7A232B20295F248F00C8CA92 /* SwiftUIQuery in Frameworks */,
			);
			runOnlyForDeploymentPostprocessing = 0;
		};
/* End PBXFrameworksBuildPhase section */

/* Begin PBXGroup section */
		7A232B1E295F248F00C8CA92 /* Frameworks */ = {
			isa = PBXGroup;
			children = (
			);
			name = Frameworks;
			sourceTree = "<group>";
		};
		7A80942C295F220D00F28CA1 = {
			isa = PBXGroup;
			children = (
				7A809437295F220D00F28CA1 /* SwiftUIQueryExample */,
				7A809436295F220D00F28CA1 /* Products */,
				7A232B1E295F248F00C8CA92 /* Frameworks */,
				7A9F2374295F23CC00E31F3F /* Packages */,
			);
			sourceTree = "<group>";
		};
		7A809436295F220D00F28CA1 /* Products */ = {
			isa = PBXGroup;
			children = (
				7A809435295F220D00F28CA1 /* SwiftUIQueryExample.app */,
			);
			name = Products;
			sourceTree = "<group>";
		};
		7A809437295F220D00F28CA1 /* SwiftUIQueryExample */ = {
			isa = PBXGroup;
			children = (
				7A809438295F220D00F28CA1 /* SwiftUIQueryExampleApp.swift */,
				7A9F2371295F236000E31F3F /* Model */,
				7A80943A295F220D00F28CA1 /* ContentView.swift */,
				7A5ED8EA29604E18006AA8E9 /* TodoView.swift */,
				7A80943C295F220D00F28CA1 /* Assets.xcassets */,
				7A80943E295F220D00F28CA1 /* SwiftUIQueryExample.entitlements */,
				7A80943F295F220D00F28CA1 /* Preview Content */,
			);
			path = SwiftUIQueryExample;
			sourceTree = "<group>";
		};
		7A80943F295F220D00F28CA1 /* Preview Content */ = {
			isa = PBXGroup;
			children = (
				7A232B21295F24BF00C8CA92 /* ThrowingPreviewQueryClient.swift */,
				7A5ED8EE2961B40F006AA8E9 /* TodoPreviewQueryClient.swift */,
				7A809440295F220D00F28CA1 /* Preview Assets.xcassets */,
			);
			path = "Preview Content";
			sourceTree = "<group>";
		};
		7A9F2371295F236000E31F3F /* Model */ = {
			isa = PBXGroup;
			children = (
				7A9F2372295F236D00E31F3F /* Todo.swift */,
			);
			path = Model;
			sourceTree = "<group>";
		};
		7A9F2374295F23CC00E31F3F /* Packages */ = {
			isa = PBXGroup;
			children = (
				7A9F2375295F23CC00E31F3F /* SwiftUIQuery */,
			);
			name = Packages;
			sourceTree = "<group>";
		};
/* End PBXGroup section */

/* Begin PBXNativeTarget section */
		7A809434295F220D00F28CA1 /* SwiftUIQueryExample */ = {
			isa = PBXNativeTarget;
			buildConfigurationList = 7A809444295F220D00F28CA1 /* Build configuration list for PBXNativeTarget "SwiftUIQueryExample" */;
			buildPhases = (
				7A809431295F220D00F28CA1 /* Sources */,
				7A809432295F220D00F28CA1 /* Frameworks */,
				7A809433295F220D00F28CA1 /* Resources */,
			);
			buildRules = (
			);
			dependencies = (
			);
			name = SwiftUIQueryExample;
			packageProductDependencies = (
				7A232B1F295F248F00C8CA92 /* SwiftUIQuery */,
			);
			productName = SwiftUIQueryExample;
			productReference = 7A809435295F220D00F28CA1 /* SwiftUIQueryExample.app */;
			productType = "com.apple.product-type.application";
		};
/* End PBXNativeTarget section */

/* Begin PBXProject section */
		7A80942D295F220D00F28CA1 /* Project object */ = {
			isa = PBXProject;
			attributes = {
				BuildIndependentTargetsInParallel = 1;
				LastSwiftUpdateCheck = 1420;
				LastUpgradeCheck = 1420;
				TargetAttributes = {
					7A809434295F220D00F28CA1 = {
						CreatedOnToolsVersion = 14.2;
					};
				};
			};
			buildConfigurationList = 7A809430295F220D00F28CA1 /* Build configuration list for PBXProject "SwiftUIQueryExample" */;
			compatibilityVersion = "Xcode 14.0";
			developmentRegion = en;
			hasScannedForEncodings = 0;
			knownRegions = (
				en,
				Base,
			);
			mainGroup = 7A80942C295F220D00F28CA1;
			productRefGroup = 7A809436295F220D00F28CA1 /* Products */;
			projectDirPath = "";
			projectRoot = "";
			targets = (
				7A809434295F220D00F28CA1 /* SwiftUIQueryExample */,
			);
		};
/* End PBXProject section */

/* Begin PBXResourcesBuildPhase section */
		7A809433295F220D00F28CA1 /* Resources */ = {
			isa = PBXResourcesBuildPhase;
			buildActionMask = 2147483647;
			files = (
				7A809441295F220D00F28CA1 /* Preview Assets.xcassets in Resources */,
				7A80943D295F220D00F28CA1 /* Assets.xcassets in Resources */,
			);
			runOnlyForDeploymentPostprocessing = 0;
		};
/* End PBXResourcesBuildPhase section */

/* Begin PBXSourcesBuildPhase section */
		7A809431295F220D00F28CA1 /* Sources */ = {
			isa = PBXSourcesBuildPhase;
			buildActionMask = 2147483647;
			files = (
				7A80943B295F220D00F28CA1 /* ContentView.swift in Sources */,
				7A9F2373295F236D00E31F3F /* Todo.swift in Sources */,
				7A5ED8EF2961B40F006AA8E9 /* TodoPreviewQueryClient.swift in Sources */,
				7A5ED8EB29604E18006AA8E9 /* TodoView.swift in Sources */,
				7A232B22295F24BF00C8CA92 /* ThrowingPreviewQueryClient.swift in Sources */,
				7A809439295F220D00F28CA1 /* SwiftUIQueryExampleApp.swift in Sources */,
			);
			runOnlyForDeploymentPostprocessing = 0;
		};
/* End PBXSourcesBuildPhase section */

/* Begin XCBuildConfiguration section */
		7A809442295F220D00F28CA1 /* Debug */ = {
			isa = XCBuildConfiguration;
			buildSettings = {
				ALWAYS_SEARCH_USER_PATHS = NO;
				CLANG_ANALYZER_NONNULL = YES;
				CLANG_ANALYZER_NUMBER_OBJECT_CONVERSION = YES_AGGRESSIVE;
				CLANG_CXX_LANGUAGE_STANDARD = "gnu++20";
				CLANG_ENABLE_MODULES = YES;
				CLANG_ENABLE_OBJC_ARC = YES;
				CLANG_ENABLE_OBJC_WEAK = YES;
				CLANG_WARN_BLOCK_CAPTURE_AUTORELEASING = YES;
				CLANG_WARN_BOOL_CONVERSION = YES;
				CLANG_WARN_COMMA = YES;
				CLANG_WARN_CONSTANT_CONVERSION = YES;
				CLANG_WARN_DEPRECATED_OBJC_IMPLEMENTATIONS = YES;
				CLANG_WARN_DIRECT_OBJC_ISA_USAGE = YES_ERROR;
				CLANG_WARN_DOCUMENTATION_COMMENTS = YES;
				CLANG_WARN_EMPTY_BODY = YES;
				CLANG_WARN_ENUM_CONVERSION = YES;
				CLANG_WARN_INFINITE_RECURSION = YES;
				CLANG_WARN_INT_CONVERSION = YES;
				CLANG_WARN_NON_LITERAL_NULL_CONVERSION = YES;
				CLANG_WARN_OBJC_IMPLICIT_RETAIN_SELF = YES;
				CLANG_WARN_OBJC_LITERAL_CONVERSION = YES;
				CLANG_WARN_OBJC_ROOT_CLASS = YES_ERROR;
				CLANG_WARN_QUOTED_INCLUDE_IN_FRAMEWORK_HEADER = YES;
				CLANG_WARN_RANGE_LOOP_ANALYSIS = YES;
				CLANG_WARN_STRICT_PROTOTYPES = YES;
				CLANG_WARN_SUSPICIOUS_MOVE = YES;
				CLANG_WARN_UNGUARDED_AVAILABILITY = YES_AGGRESSIVE;
				CLANG_WARN_UNREACHABLE_CODE = YES;
				CLANG_WARN__DUPLICATE_METHOD_MATCH = YES;
				COPY_PHASE_STRIP = NO;
				DEBUG_INFORMATION_FORMAT = dwarf;
				ENABLE_STRICT_OBJC_MSGSEND = YES;
				ENABLE_TESTABILITY = YES;
				GCC_C_LANGUAGE_STANDARD = gnu11;
				GCC_DYNAMIC_NO_PIC = NO;
				GCC_NO_COMMON_BLOCKS = YES;
				GCC_OPTIMIZATION_LEVEL = 0;
				GCC_PREPROCESSOR_DEFINITIONS = (
					"DEBUG=1",
					"$(inherited)",
				);
				GCC_WARN_64_TO_32_BIT_CONVERSION = YES;
				GCC_WARN_ABOUT_RETURN_TYPE = YES_ERROR;
				GCC_WARN_UNDECLARED_SELECTOR = YES;
				GCC_WARN_UNINITIALIZED_AUTOS = YES_AGGRESSIVE;
				GCC_WARN_UNUSED_FUNCTION = YES;
				GCC_WARN_UNUSED_VARIABLE = YES;
				MTL_ENABLE_DEBUG_INFO = INCLUDE_SOURCE;
				MTL_FAST_MATH = YES;
				ONLY_ACTIVE_ARCH = YES;
				SWIFT_ACTIVE_COMPILATION_CONDITIONS = DEBUG;
				SWIFT_OPTIMIZATION_LEVEL = "-Onone";
			};
			name = Debug;
		};
		7A809443295F220D00F28CA1 /* Release */ = {
			isa = XCBuildConfiguration;
			buildSettings = {
				ALWAYS_SEARCH_USER_PATHS = NO;
				CLANG_ANALYZER_NONNULL = YES;
				CLANG_ANALYZER_NUMBER_OBJECT_CONVERSION = YES_AGGRESSIVE;
				CLANG_CXX_LANGUAGE_STANDARD = "gnu++20";
				CLANG_ENABLE_MODULES = YES;
				CLANG_ENABLE_OBJC_ARC = YES;
				CLANG_ENABLE_OBJC_WEAK = YES;
				CLANG_WARN_BLOCK_CAPTURE_AUTORELEASING = YES;
				CLANG_WARN_BOOL_CONVERSION = YES;
				CLANG_WARN_COMMA = YES;
				CLANG_WARN_CONSTANT_CONVERSION = YES;
				CLANG_WARN_DEPRECATED_OBJC_IMPLEMENTATIONS = YES;
				CLANG_WARN_DIRECT_OBJC_ISA_USAGE = YES_ERROR;
				CLANG_WARN_DOCUMENTATION_COMMENTS = YES;
				CLANG_WARN_EMPTY_BODY = YES;
				CLANG_WARN_ENUM_CONVERSION = YES;
				CLANG_WARN_INFINITE_RECURSION = YES;
				CLANG_WARN_INT_CONVERSION = YES;
				CLANG_WARN_NON_LITERAL_NULL_CONVERSION = YES;
				CLANG_WARN_OBJC_IMPLICIT_RETAIN_SELF = YES;
				CLANG_WARN_OBJC_LITERAL_CONVERSION = YES;
				CLANG_WARN_OBJC_ROOT_CLASS = YES_ERROR;
				CLANG_WARN_QUOTED_INCLUDE_IN_FRAMEWORK_HEADER = YES;
				CLANG_WARN_RANGE_LOOP_ANALYSIS = YES;
				CLANG_WARN_STRICT_PROTOTYPES = YES;
				CLANG_WARN_SUSPICIOUS_MOVE = YES;
				CLANG_WARN_UNGUARDED_AVAILABILITY = YES_AGGRESSIVE;
				CLANG_WARN_UNREACHABLE_CODE = YES;
				CLANG_WARN__DUPLICATE_METHOD_MATCH = YES;
				COPY_PHASE_STRIP = NO;
				DEBUG_INFORMATION_FORMAT = "dwarf-with-dsym";
				ENABLE_NS_ASSERTIONS = NO;
				ENABLE_STRICT_OBJC_MSGSEND = YES;
				GCC_C_LANGUAGE_STANDARD = gnu11;
				GCC_NO_COMMON_BLOCKS = YES;
				GCC_WARN_64_TO_32_BIT_CONVERSION = YES;
				GCC_WARN_ABOUT_RETURN_TYPE = YES_ERROR;
				GCC_WARN_UNDECLARED_SELECTOR = YES;
				GCC_WARN_UNINITIALIZED_AUTOS = YES_AGGRESSIVE;
				GCC_WARN_UNUSED_FUNCTION = YES;
				GCC_WARN_UNUSED_VARIABLE = YES;
				MTL_ENABLE_DEBUG_INFO = NO;
				MTL_FAST_MATH = YES;
				SWIFT_COMPILATION_MODE = wholemodule;
				SWIFT_OPTIMIZATION_LEVEL = "-O";
			};
			name = Release;
		};
		7A809445295F220D00F28CA1 /* Debug */ = {
			isa = XCBuildConfiguration;
			buildSettings = {
				ASSETCATALOG_COMPILER_APPICON_NAME = AppIcon;
				ASSETCATALOG_COMPILER_GLOBAL_ACCENT_COLOR_NAME = AccentColor;
				CODE_SIGN_ENTITLEMENTS = SwiftUIQueryExample/SwiftUIQueryExample.entitlements;
				CODE_SIGN_STYLE = Automatic;
				CURRENT_PROJECT_VERSION = 1;
				DEVELOPMENT_ASSET_PATHS = "\"SwiftUIQueryExample/Preview Content\"";
				DEVELOPMENT_TEAM = "";
				ENABLE_HARDENED_RUNTIME = YES;
				ENABLE_PREVIEWS = YES;
				GENERATE_INFOPLIST_FILE = YES;
				"INFOPLIST_KEY_UIApplicationSceneManifest_Generation[sdk=iphoneos*]" = YES;
				"INFOPLIST_KEY_UIApplicationSceneManifest_Generation[sdk=iphonesimulator*]" = YES;
				"INFOPLIST_KEY_UIApplicationSupportsIndirectInputEvents[sdk=iphoneos*]" = YES;
				"INFOPLIST_KEY_UIApplicationSupportsIndirectInputEvents[sdk=iphonesimulator*]" = YES;
				"INFOPLIST_KEY_UILaunchScreen_Generation[sdk=iphoneos*]" = YES;
				"INFOPLIST_KEY_UILaunchScreen_Generation[sdk=iphonesimulator*]" = YES;
				"INFOPLIST_KEY_UIStatusBarStyle[sdk=iphoneos*]" = UIStatusBarStyleDefault;
				"INFOPLIST_KEY_UIStatusBarStyle[sdk=iphonesimulator*]" = UIStatusBarStyleDefault;
				INFOPLIST_KEY_UISupportedInterfaceOrientations_iPad = "UIInterfaceOrientationPortrait UIInterfaceOrientationPortraitUpsideDown UIInterfaceOrientationLandscapeLeft UIInterfaceOrientationLandscapeRight";
				INFOPLIST_KEY_UISupportedInterfaceOrientations_iPhone = "UIInterfaceOrientationPortrait UIInterfaceOrientationLandscapeLeft UIInterfaceOrientationLandscapeRight";
				IPHONEOS_DEPLOYMENT_TARGET = 16.2;
				LD_RUNPATH_SEARCH_PATHS = "@executable_path/Frameworks";
				"LD_RUNPATH_SEARCH_PATHS[sdk=macosx*]" = "@executable_path/../Frameworks";
				MACOSX_DEPLOYMENT_TARGET = 13.1;
				MARKETING_VERSION = 1.0;
				PRODUCT_BUNDLE_IDENTIFIER = com.kubens.SwiftUIQueryExample;
				PRODUCT_NAME = "$(TARGET_NAME)";
				SDKROOT = auto;
				SUPPORTED_PLATFORMS = "iphoneos iphonesimulator macosx";
				SWIFT_EMIT_LOC_STRINGS = YES;
				SWIFT_VERSION = 5.0;
				TARGETED_DEVICE_FAMILY = "1,2";
			};
			name = Debug;
		};
		7A809446295F220D00F28CA1 /* Release */ = {
			isa = XCBuildConfiguration;
			buildSettings = {
				ASSETCATALOG_COMPILER_APPICON_NAME = AppIcon;
				ASSETCATALOG_COMPILER_GLOBAL_ACCENT_COLOR_NAME = AccentColor;
				CODE_SIGN_ENTITLEMENTS = SwiftUIQueryExample/SwiftUIQueryExample.entitlements;
				CODE_SIGN_STYLE = Automatic;
				CURRENT_PROJECT_VERSION = 1;
				DEVELOPMENT_ASSET_PATHS = "\"SwiftUIQueryExample/Preview Content\"";
				DEVELOPMENT_TEAM = "";
				ENABLE_HARDENED_RUNTIME = YES;
				ENABLE_PREVIEWS = YES;
				GENERATE_INFOPLIST_FILE = YES;
				"INFOPLIST_KEY_UIApplicationSceneManifest_Generation[sdk=iphoneos*]" = YES;
				"INFOPLIST_KEY_UIApplicationSceneManifest_Generation[sdk=iphonesimulator*]" = YES;
				"INFOPLIST_KEY_UIApplicationSupportsIndirectInputEvents[sdk=iphoneos*]" = YES;
				"INFOPLIST_KEY_UIApplicationSupportsIndirectInputEvents[sdk=iphonesimulator*]" = YES;
				"INFOPLIST_KEY_UILaunchScreen_Generation[sdk=iphoneos*]" = YES;
				"INFOPLIST_KEY_UILaunchScreen_Generation[sdk=iphonesimulator*]" = YES;
				"INFOPLIST_KEY_UIStatusBarStyle[sdk=iphoneos*]" = UIStatusBarStyleDefault;
				"INFOPLIST_KEY_UIStatusBarStyle[sdk=iphonesimulator*]" = UIStatusBarStyleDefault;
				INFOPLIST_KEY_UISupportedInterfaceOrientations_iPad = "UIInterfaceOrientationPortrait UIInterfaceOrientationPortraitUpsideDown UIInterfaceOrientationLandscapeLeft UIInterfaceOrientationLandscapeRight";
				INFOPLIST_KEY_UISupportedInterfaceOrientations_iPhone = "UIInterfaceOrientationPortrait UIInterfaceOrientationLandscapeLeft UIInterfaceOrientationLandscapeRight";
				IPHONEOS_DEPLOYMENT_TARGET = 16.2;
				LD_RUNPATH_SEARCH_PATHS = "@executable_path/Frameworks";
				"LD_RUNPATH_SEARCH_PATHS[sdk=macosx*]" = "@executable_path/../Frameworks";
				MACOSX_DEPLOYMENT_TARGET = 13.1;
				MARKETING_VERSION = 1.0;
				PRODUCT_BUNDLE_IDENTIFIER = com.kubens.SwiftUIQueryExample;
				PRODUCT_NAME = "$(TARGET_NAME)";
				SDKROOT = auto;
				SUPPORTED_PLATFORMS = "iphoneos iphonesimulator macosx";
				SWIFT_EMIT_LOC_STRINGS = YES;
				SWIFT_VERSION = 5.0;
				TARGETED_DEVICE_FAMILY = "1,2";
			};
			name = Release;
		};
/* End XCBuildConfiguration section */

/* Begin XCConfigurationList section */
		7A809430295F220D00F28CA1 /* Build configuration list for PBXProject "SwiftUIQueryExample" */ = {
			isa = XCConfigurationList;
			buildConfigurations = (
				7A809442295F220D00F28CA1 /* Debug */,
				7A809443295F220D00F28CA1 /* Release */,
			);
			defaultConfigurationIsVisible = 0;
			defaultConfigurationName = Release;
		};
		7A809444295F220D00F28CA1 /* Build configuration list for PBXNativeTarget "SwiftUIQueryExample" */ = {
			isa = XCConfigurationList;
			buildConfigurations = (
				7A809445295F220D00F28CA1 /* Debug */,
				7A809446295F220D00F28CA1 /* Release */,
			);
			defaultConfigurationIsVisible = 0;
			defaultConfigurationName = Release;
		};
/* End XCConfigurationList section */

/* Begin XCSwiftPackageProductDependency section */
		7A232B1F295F248F00C8CA92 /* SwiftUIQuery */ = {
			isa = XCSwiftPackageProductDependency;
			productName = SwiftUIQuery;
		};
/* End XCSwiftPackageProductDependency section */
	};
	rootObject = 7A80942D295F220D00F28CA1 /* Project object */;
}
